
Microsoft Visual Studio Solution File, Format Version 12.00
# Visual Studio 15
Project("{FAE04EC0-301F-11D3-BF4B-00C04F79EFBC}") = "UnityEngine.TestRunner", "UnityEngine.TestRunner.csproj", "{1CF1FF98-3B78-977E-875A-864CD5DF4A24}"
EndProject
Project("{FAE04EC0-301F-11D3-BF4B-00C04F79EFBC}") = "UnityEngine.UI", "UnityEngine.UI.csproj", "{5F05BB69-B3FD-73D4-1527-AEB0119DBCED}"
EndProject
Project("{FAE04EC0-301F-11D3-BF4B-00C04F79EFBC}") = "Unity.Mathematics", "Unity.Mathematics.csproj", "{AE194AC0-4961-D01F-DCE5-FFA2CEAE685A}"
EndProject
Project("{FAE04EC0-301F-11D3-BF4B-00C04F79EFBC}") = "Unity.2D.Animation.Triangle.Runtime", "Unity.2D.Animation.Triangle.Runtime.csproj", "{AD82020F-AB05-1D57-E9A5-C9A5FB3C9EF1}"
EndProject
Project("{FAE04EC0-301F-11D3-BF4B-00C04F79EFBC}") = "Unity.Timeline", "Unity.Timeline.csproj", "{203C330A-85E1-A882-AC12-7F8A45CFDE0A}"
EndProject
Project("{FAE04EC0-301F-11D3-BF4B-00C04F79EFBC}") = "Unity.TextMeshPro", "Unity.TextMeshPro.csproj", "{AF0BFD20-2140-9DE3-3AC0-965210B572C3}"
EndProject
Project("{FAE04EC0-301F-11D3-BF4B-00C04F79EFBC}") = "Unity.2D.Animation.Runtime", "Unity.2D.Animation.Runtime.csproj", "{3F5E8034-7C67-C9AD-0CE8-98501450E120}"
EndProject
Project("{FAE04EC0-301F-11D3-BF4B-00C04F79EFBC}") = "Unity.2D.IK.Runtime", "Unity.2D.IK.Runtime.csproj", "{EC4785A5-2381-2E3B-D57C-97F158935B3E}"
EndProject
Project("{FAE04EC0-301F-11D3-BF4B-00C04F79EFBC}") = "Assembly-CSharp", "Assembly-CSharp.csproj", "{6054BE76-5E5E-B2F8-235A-4C2060AD5ADE}"
EndProject
Project("{FAE04EC0-301F-11D3-BF4B-00C04F79EFBC}") = "Unity.2D.SpriteShape.Runtime", "Unity.2D.SpriteShape.Runtime.csproj", "{91C8CD28-8BBE-56CA-97A5-2005BE8A0C78}"
EndProject
Project("{FAE04EC0-301F-11D3-BF4B-00C04F79EFBC}") = "Unity.2D.PixelPerfect", "Unity.2D.PixelPerfect.csproj", "{639F43DA-731A-76F8-0DA8-5C428E1792BC}"
EndProject
Project("{FAE04EC0-301F-11D3-BF4B-00C04F79EFBC}") = "Unity.2D.Common.Runtime", "Unity.2D.Common.Runtime.csproj", "{A51B4C53-CB24-7FF6-7374-160281B7EAB7}"
EndProject
Project("{FAE04EC0-301F-11D3-BF4B-00C04F79EFBC}") = "Unity.InternalAPIEngineBridge.001", "Unity.InternalAPIEngineBridge.001.csproj", "{CC7B9A01-ED75-B0DF-3D97-2AABA6F6F859}"
EndProject
Project("{FAE04EC0-301F-11D3-BF4B-00C04F79EFBC}") = "UnityEditor.TestRunner", "UnityEditor.TestRunner.csproj", "{0CDC7760-2B38-DF9B-0576-F0F084542005}"
EndProject
Project("{FAE04EC0-301F-11D3-BF4B-00C04F79EFBC}") = "Unity.PlasticSCM.Editor", "Unity.PlasticSCM.Editor.csproj", "{E86E4F35-95C9-7A67-FA3D-5D6302EFDFBB}"
EndProject
Project("{FAE04EC0-301F-11D3-BF4B-00C04F79EFBC}") = "UnityEditor.UI", "UnityEditor.UI.csproj", "{54CE4661-9D59-215A-BCA9-45B0FEE47513}"
EndProject
Project("{FAE04EC0-301F-11D3-BF4B-00C04F79EFBC}") = "Unity.Timeline.Editor", "Unity.Timeline.Editor.csproj", "{274EA613-3AAC-024B-34D1-FCD8EF50F80D}"
EndProject
Project("{FAE04EC0-301F-11D3-BF4B-00C04F79EFBC}") = "Unity.VisualStudio.Editor", "Unity.VisualStudio.Editor.csproj", "{65C7A08D-5423-89E8-8979-82BB114D3542}"
EndProject
Project("{FAE04EC0-301F-11D3-BF4B-00C04F79EFBC}") = "Unity.2D.Psdimporter.Editor", "Unity.2D.Psdimporter.Editor.csproj", "{D2CF965B-CB01-0DDD-8913-F6A8E655BA95}"
EndProject
Project("{FAE04EC0-301F-11D3-BF4B-00C04F79EFBC}") = "Unity.2D.Animation.Editor", "Unity.2D.Animation.Editor.csproj", "{E0F489DB-9707-1037-23B5-264A5F487F72}"
EndProject
Project("{FAE04EC0-301F-11D3-BF4B-00C04F79EFBC}") = "Unity.TextMeshPro.Editor", "Unity.TextMeshPro.Editor.csproj", "{05AC4706-0924-C0F7-FFBC-B1FA25E1221B}"
EndProject
Project("{FAE04EC0-301F-11D3-BF4B-00C04F79EFBC}") = "Unity.2D.SpriteShape.Editor", "Unity.2D.SpriteShape.Editor.csproj", "{6EA15526-6EBB-2D47-1216-4417CD511872}"
EndProject
Project("{FAE04EC0-301F-11D3-BF4B-00C04F79EFBC}") = "Unity.CollabProxy.Editor", "Unity.CollabProxy.Editor.csproj", "{41C04D4F-CFB9-B730-B88B-C36124BF8E08}"
EndProject
Project("{FAE04EC0-301F-11D3-BF4B-00C04F79EFBC}") = "PsdPlugin", "PsdPlugin.csproj", "{3897EF36-5DD8-37D3-40F5-364312595B37}"
EndProject
Project("{FAE04EC0-301F-11D3-BF4B-00C04F79EFBC}") = "Unity.2D.Path.Editor", "Unity.2D.Path.Editor.csproj", "{9085E6A3-FA5E-CDB3-ED1A-B9E4A595BB4D}"
EndProject
Project("{FAE04EC0-301F-11D3-BF4B-00C04F79EFBC}") = "Unity.Rider.Editor", "Unity.Rider.Editor.csproj", "{0C26E705-DE2E-BCC0-34BC-E97979531DF2}"
EndProject
Project("{FAE04EC0-301F-11D3-BF4B-00C04F79EFBC}") = "Unity.2D.IK.Editor", "Unity.2D.IK.Editor.csproj", "{D45D763A-6349-6E0E-CDFF-557788421622}"
EndProject
Project("{FAE04EC0-301F-11D3-BF4B-00C04F79EFBC}") = "Unity.2D.Sprite.Editor", "Unity.2D.Sprite.Editor.csproj", "{007251E9-9EFF-0EEC-17EE-61DC90B00AEF}"
EndProject
Project("{FAE04EC0-301F-11D3-BF4B-00C04F79EFBC}") = "Unity.2D.Tilemap.Editor", "Unity.2D.Tilemap.Editor.csproj", "{2124D5DA-521B-C67A-4907-85502846865B}"
EndProject
Project("{FAE04EC0-301F-11D3-BF4B-00C04F79EFBC}") = "Unity.2D.PixelPerfect.Editor", "Unity.2D.PixelPerfect.Editor.csproj", "{C932445A-C149-E2FB-F452-490C2A964ADC}"
EndProject
Project("{FAE04EC0-301F-11D3-BF4B-00C04F79EFBC}") = "Unity.VSCode.Editor", "Unity.VSCode.Editor.csproj", "{606F5DC4-8373-47A3-79BD-2D7A8AB348B9}"
EndProject
Project("{FAE04EC0-301F-11D3-BF4B-00C04F79EFBC}") = "Unity.2D.Common.Editor", "Unity.2D.Common.Editor.csproj", "{849EC6DB-ACFC-0E89-64AA-C82C67648CA5}"
EndProject
Project("{FAE04EC0-301F-11D3-BF4B-00C04F79EFBC}") = "Unity.Mathematics.Editor", "Unity.Mathematics.Editor.csproj", "{A9074BF6-71AB-1495-BC6A-6361D6FEA34B}"
EndProject
Project("{FAE04EC0-301F-11D3-BF4B-00C04F79EFBC}") = "Unity.InternalAPIEditorBridge.001", "Unity.InternalAPIEditorBridge.001.csproj", "{10238793-1016-1A52-9115-2483CE1D32DB}"
EndProject
Project("{FAE04EC0-301F-11D3-BF4B-00C04F79EFBC}") = "UnityEngine.TestRunner", "UnityEngine.TestRunner.Player.csproj", "{B8EED754-DF7A-D2A0-3585-BF9260B14101}"
EndProject
Project("{FAE04EC0-301F-11D3-BF4B-00C04F79EFBC}") = "UnityEngine.UI", "UnityEngine.UI.Player.csproj", "{9377F15E-CA22-510C-BCC4-CF0C8A849FAD}"
EndProject
Project("{FAE04EC0-301F-11D3-BF4B-00C04F79EFBC}") = "Unity.Mathematics", "Unity.Mathematics.Player.csproj", "{D04794CA-0D16-99BA-022F-921339E6D6FB}"
EndProject
Project("{FAE04EC0-301F-11D3-BF4B-00C04F79EFBC}") = "Unity.2D.Animation.Triangle.Runtime", "Unity.2D.Animation.Triangle.Runtime.Player.csproj", "{D97930F5-0DAE-06C8-D5A3-D3C3CA0BC233}"
EndProject
Project("{FAE04EC0-301F-11D3-BF4B-00C04F79EFBC}") = "Unity.Timeline", "Unity.Timeline.Player.csproj", "{84CB5002-CE7F-4307-2161-9B849FDDE5CD}"
EndProject
Project("{FAE04EC0-301F-11D3-BF4B-00C04F79EFBC}") = "Unity.TextMeshPro", "Unity.TextMeshPro.Player.csproj", "{789A03A8-949E-A6E4-459A-C7D0B32FA3C8}"
EndProject
Project("{FAE04EC0-301F-11D3-BF4B-00C04F79EFBC}") = "Unity.2D.Animation.Runtime", "Unity.2D.Animation.Runtime.Player.csproj", "{24ABDCF1-B09F-9DAC-EA50-78D829DC0F78}"
EndProject
Project("{FAE04EC0-301F-11D3-BF4B-00C04F79EFBC}") = "Unity.2D.IK.Runtime", "Unity.2D.IK.Runtime.Player.csproj", "{1D6D22C9-0EB0-F1B7-1B1B-1201E8C82D3E}"
EndProject
Project("{FAE04EC0-301F-11D3-BF4B-00C04F79EFBC}") = "Assembly-CSharp", "Assembly-CSharp.Player.csproj", "{B0815D26-39A4-3C14-045F-F45EB6A94253}"
EndProject
Project("{FAE04EC0-301F-11D3-BF4B-00C04F79EFBC}") = "Unity.2D.SpriteShape.Runtime", "Unity.2D.SpriteShape.Runtime.Player.csproj", "{3D7A9027-D34B-AC5F-2846-B736526AE3C3}"
EndProject
Project("{FAE04EC0-301F-11D3-BF4B-00C04F79EFBC}") = "Unity.2D.PixelPerfect", "Unity.2D.PixelPerfect.Player.csproj", "{3C167CD9-7B53-30CE-C8E6-1AF66A659937}"
EndProject
Project("{FAE04EC0-301F-11D3-BF4B-00C04F79EFBC}") = "Unity.2D.Common.Runtime", "Unity.2D.Common.Runtime.Player.csproj", "{92D84809-CE08-32B6-AC36-EF200AA39AE5}"
EndProject
Project("{FAE04EC0-301F-11D3-BF4B-00C04F79EFBC}") = "Unity.InternalAPIEngineBridge.001", "Unity.InternalAPIEngineBridge.001.Player.csproj", "{1C615DF5-09E8-7B5F-E69D-5DD50D573ABA}"
EndProject
Global
	GlobalSection(SolutionConfigurationPlatforms) = preSolution
		Debug|Any CPU = Debug|Any CPU
		Release|Any CPU = Release|Any CPU
	EndGlobalSection
	GlobalSection(ProjectConfigurationPlatforms) = postSolution
		{1CF1FF98-3B78-977E-875A-864CD5DF4A24}.Debug|Any CPU.ActiveCfg = Debug|Any CPU
		{1CF1FF98-3B78-977E-875A-864CD5DF4A24}.Debug|Any CPU.Build.0 = Debug|Any CPU
		{1CF1FF98-3B78-977E-875A-864CD5DF4A24}.Release|Any CPU.ActiveCfg = Release|Any CPU
		{1CF1FF98-3B78-977E-875A-864CD5DF4A24}.Release|Any CPU.Build.0 = Release|Any CPU
		{5F05BB69-B3FD-73D4-1527-AEB0119DBCED}.Debug|Any CPU.ActiveCfg = Debug|Any CPU
		{5F05BB69-B3FD-73D4-1527-AEB0119DBCED}.Debug|Any CPU.Build.0 = Debug|Any CPU
		{5F05BB69-B3FD-73D4-1527-AEB0119DBCED}.Release|Any CPU.ActiveCfg = Release|Any CPU
		{5F05BB69-B3FD-73D4-1527-AEB0119DBCED}.Release|Any CPU.Build.0 = Release|Any CPU
		{AE194AC0-4961-D01F-DCE5-FFA2CEAE685A}.Debug|Any CPU.ActiveCfg = Debug|Any CPU
		{AE194AC0-4961-D01F-DCE5-FFA2CEAE685A}.Debug|Any CPU.Build.0 = Debug|Any CPU
		{AE194AC0-4961-D01F-DCE5-FFA2CEAE685A}.Release|Any CPU.ActiveCfg = Release|Any CPU
		{AE194AC0-4961-D01F-DCE5-FFA2CEAE685A}.Release|Any CPU.Build.0 = Release|Any CPU
		{AD82020F-AB05-1D57-E9A5-C9A5FB3C9EF1}.Debug|Any CPU.ActiveCfg = Debug|Any CPU
		{AD82020F-AB05-1D57-E9A5-C9A5FB3C9EF1}.Debug|Any CPU.Build.0 = Debug|Any CPU
		{AD82020F-AB05-1D57-E9A5-C9A5FB3C9EF1}.Release|Any CPU.ActiveCfg = Release|Any CPU
		{AD82020F-AB05-1D57-E9A5-C9A5FB3C9EF1}.Release|Any CPU.Build.0 = Release|Any CPU
		{203C330A-85E1-A882-AC12-7F8A45CFDE0A}.Debug|Any CPU.ActiveCfg = Debug|Any CPU
		{203C330A-85E1-A882-AC12-7F8A45CFDE0A}.Debug|Any CPU.Build.0 = Debug|Any CPU
		{203C330A-85E1-A882-AC12-7F8A45CFDE0A}.Release|Any CPU.ActiveCfg = Release|Any CPU
		{203C330A-85E1-A882-AC12-7F8A45CFDE0A}.Release|Any CPU.Build.0 = Release|Any CPU
		{AF0BFD20-2140-9DE3-3AC0-965210B572C3}.Debug|Any CPU.ActiveCfg = Debug|Any CPU
		{AF0BFD20-2140-9DE3-3AC0-965210B572C3}.Debug|Any CPU.Build.0 = Debug|Any CPU
		{AF0BFD20-2140-9DE3-3AC0-965210B572C3}.Release|Any CPU.ActiveCfg = Release|Any CPU
		{AF0BFD20-2140-9DE3-3AC0-965210B572C3}.Release|Any CPU.Build.0 = Release|Any CPU
		{3F5E8034-7C67-C9AD-0CE8-98501450E120}.Debug|Any CPU.ActiveCfg = Debug|Any CPU
		{3F5E8034-7C67-C9AD-0CE8-98501450E120}.Debug|Any CPU.Build.0 = Debug|Any CPU
		{3F5E8034-7C67-C9AD-0CE8-98501450E120}.Release|Any CPU.ActiveCfg = Release|Any CPU
		{3F5E8034-7C67-C9AD-0CE8-98501450E120}.Release|Any CPU.Build.0 = Release|Any CPU
		{EC4785A5-2381-2E3B-D57C-97F158935B3E}.Debug|Any CPU.ActiveCfg = Debug|Any CPU
		{EC4785A5-2381-2E3B-D57C-97F158935B3E}.Debug|Any CPU.Build.0 = Debug|Any CPU
		{EC4785A5-2381-2E3B-D57C-97F158935B3E}.Release|Any CPU.ActiveCfg = Release|Any CPU
		{EC4785A5-2381-2E3B-D57C-97F158935B3E}.Release|Any CPU.Build.0 = Release|Any CPU
		{6054BE76-5E5E-B2F8-235A-4C2060AD5ADE}.Debug|Any CPU.ActiveCfg = Debug|Any CPU
		{6054BE76-5E5E-B2F8-235A-4C2060AD5ADE}.Debug|Any CPU.Build.0 = Debug|Any CPU
		{6054BE76-5E5E-B2F8-235A-4C2060AD5ADE}.Release|Any CPU.ActiveCfg = Release|Any CPU
		{6054BE76-5E5E-B2F8-235A-4C2060AD5ADE}.Release|Any CPU.Build.0 = Release|Any CPU
		{91C8CD28-8BBE-56CA-97A5-2005BE8A0C78}.Debug|Any CPU.ActiveCfg = Debug|Any CPU
		{91C8CD28-8BBE-56CA-97A5-2005BE8A0C78}.Debug|Any CPU.Build.0 = Debug|Any CPU
		{91C8CD28-8BBE-56CA-97A5-2005BE8A0C78}.Release|Any CPU.ActiveCfg = Release|Any CPU
		{91C8CD28-8BBE-56CA-97A5-2005BE8A0C78}.Release|Any CPU.Build.0 = Release|Any CPU
		{639F43DA-731A-76F8-0DA8-5C428E1792BC}.Debug|Any CPU.ActiveCfg = Debug|Any CPU
		{639F43DA-731A-76F8-0DA8-5C428E1792BC}.Debug|Any CPU.Build.0 = Debug|Any CPU
		{639F43DA-731A-76F8-0DA8-5C428E1792BC}.Release|Any CPU.ActiveCfg = Release|Any CPU
		{639F43DA-731A-76F8-0DA8-5C428E1792BC}.Release|Any CPU.Build.0 = Release|Any CPU
		{A51B4C53-CB24-7FF6-7374-160281B7EAB7}.Debug|Any CPU.ActiveCfg = Debug|Any CPU
		{A51B4C53-CB24-7FF6-7374-160281B7EAB7}.Debug|Any CPU.Build.0 = Debug|Any CPU
		{A51B4C53-CB24-7FF6-7374-160281B7EAB7}.Release|Any CPU.ActiveCfg = Release|Any CPU
		{A51B4C53-CB24-7FF6-7374-160281B7EAB7}.Release|Any CPU.Build.0 = Release|Any CPU
		{CC7B9A01-ED75-B0DF-3D97-2AABA6F6F859}.Debug|Any CPU.ActiveCfg = Debug|Any CPU
		{CC7B9A01-ED75-B0DF-3D97-2AABA6F6F859}.Debug|Any CPU.Build.0 = Debug|Any CPU
		{CC7B9A01-ED75-B0DF-3D97-2AABA6F6F859}.Release|Any CPU.ActiveCfg = Release|Any CPU
		{CC7B9A01-ED75-B0DF-3D97-2AABA6F6F859}.Release|Any CPU.Build.0 = Release|Any CPU
		{0CDC7760-2B38-DF9B-0576-F0F084542005}.Debug|Any CPU.ActiveCfg = Debug|Any CPU
		{0CDC7760-2B38-DF9B-0576-F0F084542005}.Debug|Any CPU.Build.0 = Debug|Any CPU
		{0CDC7760-2B38-DF9B-0576-F0F084542005}.Release|Any CPU.ActiveCfg = Release|Any CPU
		{0CDC7760-2B38-DF9B-0576-F0F084542005}.Release|Any CPU.Build.0 = Release|Any CPU
		{E86E4F35-95C9-7A67-FA3D-5D6302EFDFBB}.Debug|Any CPU.ActiveCfg = Debug|Any CPU
		{E86E4F35-95C9-7A67-FA3D-5D6302EFDFBB}.Debug|Any CPU.Build.0 = Debug|Any CPU
		{E86E4F35-95C9-7A67-FA3D-5D6302EFDFBB}.Release|Any CPU.ActiveCfg = Release|Any CPU
		{E86E4F35-95C9-7A67-FA3D-5D6302EFDFBB}.Release|Any CPU.Build.0 = Release|Any CPU
		{54CE4661-9D59-215A-BCA9-45B0FEE47513}.Debug|Any CPU.ActiveCfg = Debug|Any CPU
		{54CE4661-9D59-215A-BCA9-45B0FEE47513}.Debug|Any CPU.Build.0 = Debug|Any CPU
		{54CE4661-9D59-215A-BCA9-45B0FEE47513}.Release|Any CPU.ActiveCfg = Release|Any CPU
		{54CE4661-9D59-215A-BCA9-45B0FEE47513}.Release|Any CPU.Build.0 = Release|Any CPU
		{274EA613-3AAC-024B-34D1-FCD8EF50F80D}.Debug|Any CPU.ActiveCfg = Debug|Any CPU
		{274EA613-3AAC-024B-34D1-FCD8EF50F80D}.Debug|Any CPU.Build.0 = Debug|Any CPU
		{274EA613-3AAC-024B-34D1-FCD8EF50F80D}.Release|Any CPU.ActiveCfg = Release|Any CPU
		{274EA613-3AAC-024B-34D1-FCD8EF50F80D}.Release|Any CPU.Build.0 = Release|Any CPU
		{65C7A08D-5423-89E8-8979-82BB114D3542}.Debug|Any CPU.ActiveCfg = Debug|Any CPU
		{65C7A08D-5423-89E8-8979-82BB114D3542}.Debug|Any CPU.Build.0 = Debug|Any CPU
		{65C7A08D-5423-89E8-8979-82BB114D3542}.Release|Any CPU.ActiveCfg = Release|Any CPU
		{65C7A08D-5423-89E8-8979-82BB114D3542}.Release|Any CPU.Build.0 = Release|Any CPU
		{D2CF965B-CB01-0DDD-8913-F6A8E655BA95}.Debug|Any CPU.ActiveCfg = Debug|Any CPU
		{D2CF965B-CB01-0DDD-8913-F6A8E655BA95}.Debug|Any CPU.Build.0 = Debug|Any CPU
		{D2CF965B-CB01-0DDD-8913-F6A8E655BA95}.Release|Any CPU.ActiveCfg = Release|Any CPU
		{D2CF965B-CB01-0DDD-8913-F6A8E655BA95}.Release|Any CPU.Build.0 = Release|Any CPU
		{E0F489DB-9707-1037-23B5-264A5F487F72}.Debug|Any CPU.ActiveCfg = Debug|Any CPU
		{E0F489DB-9707-1037-23B5-264A5F487F72}.Debug|Any CPU.Build.0 = Debug|Any CPU
		{E0F489DB-9707-1037-23B5-264A5F487F72}.Release|Any CPU.ActiveCfg = Release|Any CPU
		{E0F489DB-9707-1037-23B5-264A5F487F72}.Release|Any CPU.Build.0 = Release|Any CPU
		{05AC4706-0924-C0F7-FFBC-B1FA25E1221B}.Debug|Any CPU.ActiveCfg = Debug|Any CPU
		{05AC4706-0924-C0F7-FFBC-B1FA25E1221B}.Debug|Any CPU.Build.0 = Debug|Any CPU
		{05AC4706-0924-C0F7-FFBC-B1FA25E1221B}.Release|Any CPU.ActiveCfg = Release|Any CPU
		{05AC4706-0924-C0F7-FFBC-B1FA25E1221B}.Release|Any CPU.Build.0 = Release|Any CPU
		{6EA15526-6EBB-2D47-1216-4417CD511872}.Debug|Any CPU.ActiveCfg = Debug|Any CPU
		{6EA15526-6EBB-2D47-1216-4417CD511872}.Debug|Any CPU.Build.0 = Debug|Any CPU
		{6EA15526-6EBB-2D47-1216-4417CD511872}.Release|Any CPU.ActiveCfg = Release|Any CPU
		{6EA15526-6EBB-2D47-1216-4417CD511872}.Release|Any CPU.Build.0 = Release|Any CPU
		{41C04D4F-CFB9-B730-B88B-C36124BF8E08}.Debug|Any CPU.ActiveCfg = Debug|Any CPU
		{41C04D4F-CFB9-B730-B88B-C36124BF8E08}.Debug|Any CPU.Build.0 = Debug|Any CPU
		{41C04D4F-CFB9-B730-B88B-C36124BF8E08}.Release|Any CPU.ActiveCfg = Release|Any CPU
		{41C04D4F-CFB9-B730-B88B-C36124BF8E08}.Release|Any CPU.Build.0 = Release|Any CPU
		{3897EF36-5DD8-37D3-40F5-364312595B37}.Debug|Any CPU.ActiveCfg = Debug|Any CPU
		{3897EF36-5DD8-37D3-40F5-364312595B37}.Debug|Any CPU.Build.0 = Debug|Any CPU
		{3897EF36-5DD8-37D3-40F5-364312595B37}.Release|Any CPU.ActiveCfg = Release|Any CPU
		{3897EF36-5DD8-37D3-40F5-364312595B37}.Release|Any CPU.Build.0 = Release|Any CPU
		{9085E6A3-FA5E-CDB3-ED1A-B9E4A595BB4D}.Debug|Any CPU.ActiveCfg = Debug|Any CPU
		{9085E6A3-FA5E-CDB3-ED1A-B9E4A595BB4D}.Debug|Any CPU.Build.0 = Debug|Any CPU
		{9085E6A3-FA5E-CDB3-ED1A-B9E4A595BB4D}.Release|Any CPU.ActiveCfg = Release|Any CPU
		{9085E6A3-FA5E-CDB3-ED1A-B9E4A595BB4D}.Release|Any CPU.Build.0 = Release|Any CPU
		{0C26E705-DE2E-BCC0-34BC-E97979531DF2}.Debug|Any CPU.ActiveCfg = Debug|Any CPU
		{0C26E705-DE2E-BCC0-34BC-E97979531DF2}.Debug|Any CPU.Build.0 = Debug|Any CPU
		{0C26E705-DE2E-BCC0-34BC-E97979531DF2}.Release|Any CPU.ActiveCfg = Release|Any CPU
		{0C26E705-DE2E-BCC0-34BC-E97979531DF2}.Release|Any CPU.Build.0 = Release|Any CPU
		{D45D763A-6349-6E0E-CDFF-557788421622}.Debug|Any CPU.ActiveCfg = Debug|Any CPU
		{D45D763A-6349-6E0E-CDFF-557788421622}.Debug|Any CPU.Build.0 = Debug|Any CPU
		{D45D763A-6349-6E0E-CDFF-557788421622}.Release|Any CPU.ActiveCfg = Release|Any CPU
		{D45D763A-6349-6E0E-CDFF-557788421622}.Release|Any CPU.Build.0 = Release|Any CPU
		{007251E9-9EFF-0EEC-17EE-61DC90B00AEF}.Debug|Any CPU.ActiveCfg = Debug|Any CPU
		{007251E9-9EFF-0EEC-17EE-61DC90B00AEF}.Debug|Any CPU.Build.0 = Debug|Any CPU
		{007251E9-9EFF-0EEC-17EE-61DC90B00AEF}.Release|Any CPU.ActiveCfg = Release|Any CPU
		{007251E9-9EFF-0EEC-17EE-61DC90B00AEF}.Release|Any CPU.Build.0 = Release|Any CPU
		{2124D5DA-521B-C67A-4907-85502846865B}.Debug|Any CPU.ActiveCfg = Debug|Any CPU
		{2124D5DA-521B-C67A-4907-85502846865B}.Debug|Any CPU.Build.0 = Debug|Any CPU
		{2124D5DA-521B-C67A-4907-85502846865B}.Release|Any CPU.ActiveCfg = Release|Any CPU
		{2124D5DA-521B-C67A-4907-85502846865B}.Release|Any CPU.Build.0 = Release|Any CPU
		{C932445A-C149-E2FB-F452-490C2A964ADC}.Debug|Any CPU.ActiveCfg = Debug|Any CPU
		{C932445A-C149-E2FB-F452-490C2A964ADC}.Debug|Any CPU.Build.0 = Debug|Any CPU
		{C932445A-C149-E2FB-F452-490C2A964ADC}.Release|Any CPU.ActiveCfg = Release|Any CPU
		{C932445A-C149-E2FB-F452-490C2A964ADC}.Release|Any CPU.Build.0 = Release|Any CPU
		{606F5DC4-8373-47A3-79BD-2D7A8AB348B9}.Debug|Any CPU.ActiveCfg = Debug|Any CPU
		{606F5DC4-8373-47A3-79BD-2D7A8AB348B9}.Debug|Any CPU.Build.0 = Debug|Any CPU
		{606F5DC4-8373-47A3-79BD-2D7A8AB348B9}.Release|Any CPU.ActiveCfg = Release|Any CPU
		{606F5DC4-8373-47A3-79BD-2D7A8AB348B9}.Release|Any CPU.Build.0 = Release|Any CPU
		{849EC6DB-ACFC-0E89-64AA-C82C67648CA5}.Debug|Any CPU.ActiveCfg = Debug|Any CPU
		{849EC6DB-ACFC-0E89-64AA-C82C67648CA5}.Debug|Any CPU.Build.0 = Debug|Any CPU
		{849EC6DB-ACFC-0E89-64AA-C82C67648CA5}.Release|Any CPU.ActiveCfg = Release|Any CPU
		{849EC6DB-ACFC-0E89-64AA-C82C67648CA5}.Release|Any CPU.Build.0 = Release|Any CPU
		{A9074BF6-71AB-1495-BC6A-6361D6FEA34B}.Debug|Any CPU.ActiveCfg = Debug|Any CPU
		{A9074BF6-71AB-1495-BC6A-6361D6FEA34B}.Debug|Any CPU.Build.0 = Debug|Any CPU
		{A9074BF6-71AB-1495-BC6A-6361D6FEA34B}.Release|Any CPU.ActiveCfg = Release|Any CPU
		{A9074BF6-71AB-1495-BC6A-6361D6FEA34B}.Release|Any CPU.Build.0 = Release|Any CPU
		{10238793-1016-1A52-9115-2483CE1D32DB}.Debug|Any CPU.ActiveCfg = Debug|Any CPU
		{10238793-1016-1A52-9115-2483CE1D32DB}.Debug|Any CPU.Build.0 = Debug|Any CPU
		{10238793-1016-1A52-9115-2483CE1D32DB}.Release|Any CPU.ActiveCfg = Release|Any CPU
		{10238793-1016-1A52-9115-2483CE1D32DB}.Release|Any CPU.Build.0 = Release|Any CPU
		{B8EED754-DF7A-D2A0-3585-BF9260B14101}.Debug|Any CPU.ActiveCfg = Debug|Any CPU
		{B8EED754-DF7A-D2A0-3585-BF9260B14101}.Debug|Any CPU.Build.0 = Debug|Any CPU
		{B8EED754-DF7A-D2A0-3585-BF9260B14101}.Release|Any CPU.ActiveCfg = Release|Any CPU
		{B8EED754-DF7A-D2A0-3585-BF9260B14101}.Release|Any CPU.Build.0 = Release|Any CPU
		{9377F15E-CA22-510C-BCC4-CF0C8A849FAD}.Debug|Any CPU.ActiveCfg = Debug|Any CPU
		{9377F15E-CA22-510C-BCC4-CF0C8A849FAD}.Debug|Any CPU.Build.0 = Debug|Any CPU
		{9377F15E-CA22-510C-BCC4-CF0C8A849FAD}.Release|Any CPU.ActiveCfg = Release|Any CPU
		{9377F15E-CA22-510C-BCC4-CF0C8A849FAD}.Release|Any CPU.Build.0 = Release|Any CPU
		{D04794CA-0D16-99BA-022F-921339E6D6FB}.Debug|Any CPU.ActiveCfg = Debug|Any CPU
		{D04794CA-0D16-99BA-022F-921339E6D6FB}.Debug|Any CPU.Build.0 = Debug|Any CPU
		{D04794CA-0D16-99BA-022F-921339E6D6FB}.Release|Any CPU.ActiveCfg = Release|Any CPU
		{D04794CA-0D16-99BA-022F-921339E6D6FB}.Release|Any CPU.Build.0 = Release|Any CPU
		{D97930F5-0DAE-06C8-D5A3-D3C3CA0BC233}.Debug|Any CPU.ActiveCfg = Debug|Any CPU
		{D97930F5-0DAE-06C8-D5A3-D3C3CA0BC233}.Debug|Any CPU.Build.0 = Debug|Any CPU
		{D97930F5-0DAE-06C8-D5A3-D3C3CA0BC233}.Release|Any CPU.ActiveCfg = Release|Any CPU
		{D97930F5-0DAE-06C8-D5A3-D3C3CA0BC233}.Release|Any CPU.Build.0 = Release|Any CPU
		{84CB5002-CE7F-4307-2161-9B849FDDE5CD}.Debug|Any CPU.ActiveCfg = Debug|Any CPU
		{84CB5002-CE7F-4307-2161-9B849FDDE5CD}.Debug|Any CPU.Build.0 = Debug|Any CPU
		{84CB5002-CE7F-4307-2161-9B849FDDE5CD}.Release|Any CPU.ActiveCfg = Release|Any CPU
		{84CB5002-CE7F-4307-2161-9B849FDDE5CD}.Release|Any CPU.Build.0 = Release|Any CPU
		{789A03A8-949E-A6E4-459A-C7D0B32FA3C8}.Debug|Any CPU.ActiveCfg = Debug|Any CPU
		{789A03A8-949E-A6E4-459A-C7D0B32FA3C8}.Debug|Any CPU.Build.0 = Debug|Any CPU
		{789A03A8-949E-A6E4-459A-C7D0B32FA3C8}.Release|Any CPU.ActiveCfg = Release|Any CPU
		{789A03A8-949E-A6E4-459A-C7D0B32FA3C8}.Release|Any CPU.Build.0 = Release|Any CPU
		{24ABDCF1-B09F-9DAC-EA50-78D829DC0F78}.Debug|Any CPU.ActiveCfg = Debug|Any CPU
		{24ABDCF1-B09F-9DAC-EA50-78D829DC0F78}.Debug|Any CPU.Build.0 = Debug|Any CPU
		{24ABDCF1-B09F-9DAC-EA50-78D829DC0F78}.Release|Any CPU.ActiveCfg = Release|Any CPU
		{24ABDCF1-B09F-9DAC-EA50-78D829DC0F78}.Release|Any CPU.Build.0 = Release|Any CPU
		{1D6D22C9-0EB0-F1B7-1B1B-1201E8C82D3E}.Debug|Any CPU.ActiveCfg = Debug|Any CPU
		{1D6D22C9-0EB0-F1B7-1B1B-1201E8C82D3E}.Debug|Any CPU.Build.0 = Debug|Any CPU
		{1D6D22C9-0EB0-F1B7-1B1B-1201E8C82D3E}.Release|Any CPU.ActiveCfg = Release|Any CPU
		{1D6D22C9-0EB0-F1B7-1B1B-1201E8C82D3E}.Release|Any CPU.Build.0 = Release|Any CPU
		{B0815D26-39A4-3C14-045F-F45EB6A94253}.Debug|Any CPU.ActiveCfg = Debug|Any CPU
		{B0815D26-39A4-3C14-045F-F45EB6A94253}.Debug|Any CPU.Build.0 = Debug|Any CPU
		{B0815D26-39A4-3C14-045F-F45EB6A94253}.Release|Any CPU.ActiveCfg = Release|Any CPU
		{B0815D26-39A4-3C14-045F-F45EB6A94253}.Release|Any CPU.Build.0 = Release|Any CPU
		{3D7A9027-D34B-AC5F-2846-B736526AE3C3}.Debug|Any CPU.ActiveCfg = Debug|Any CPU
		{3D7A9027-D34B-AC5F-2846-B736526AE3C3}.Debug|Any CPU.Build.0 = Debug|Any CPU
		{3D7A9027-D34B-AC5F-2846-B736526AE3C3}.Release|Any CPU.ActiveCfg = Release|Any CPU
		{3D7A9027-D34B-AC5F-2846-B736526AE3C3}.Release|Any CPU.Build.0 = Release|Any CPU
		{3C167CD9-7B53-30CE-C8E6-1AF66A659937}.Debug|Any CPU.ActiveCfg = Debug|Any CPU
		{3C167CD9-7B53-30CE-C8E6-1AF66A659937}.Debug|Any CPU.Build.0 = Debug|Any CPU
		{3C167CD9-7B53-30CE-C8E6-1AF66A659937}.Release|Any CPU.ActiveCfg = Release|Any CPU
		{3C167CD9-7B53-30CE-C8E6-1AF66A659937}.Release|Any CPU.Build.0 = Release|Any CPU
		{92D84809-CE08-32B6-AC36-EF200AA39AE5}.Debug|Any CPU.ActiveCfg = Debug|Any CPU
		{92D84809-CE08-32B6-AC36-EF200AA39AE5}.Debug|Any CPU.Build.0 = Debug|Any CPU
		{92D84809-CE08-32B6-AC36-EF200AA39AE5}.Release|Any CPU.ActiveCfg = Release|Any CPU
		{92D84809-CE08-32B6-AC36-EF200AA39AE5}.Release|Any CPU.Build.0 = Release|Any CPU
		{1C615DF5-09E8-7B5F-E69D-5DD50D573ABA}.Debug|Any CPU.ActiveCfg = Debug|Any CPU
		{1C615DF5-09E8-7B5F-E69D-5DD50D573ABA}.Debug|Any CPU.Build.0 = Debug|Any CPU
		{1C615DF5-09E8-7B5F-E69D-5DD50D573ABA}.Release|Any CPU.ActiveCfg = Release|Any CPU
		{1C615DF5-09E8-7B5F-E69D-5DD50D573ABA}.Release|Any CPU.Build.0 = Release|Any CPU
	EndGlobalSection
	GlobalSection(SolutionProperties) = preSolution
		HideSolutionNode = FALSE
	EndGlobalSection
EndGlobal
